
Microsoft Visual Studio Solution File, Format Version 11.00
# Visual Studio 2010
Project("{FAE04EC0-301F-11D3-BF4B-00C04F79EFBC}") = "DockTab", "DockTab\DockTab.csproj", "{95A88B67-3590-433E-BF8C-606707B1ADC3}"
EndProject
Project("{FAE04EC0-301F-11D3-BF4B-00C04F79EFBC}") = "DockTabTestApplication", "DockTabTestApplication\DockTabTestApplication.csproj", "{34F89BAB-3DB5-4793-B3A3-72AC1943E128}"
EndProject
Global
	GlobalSection(TeamFoundationVersionControl) = preSolution
		SccNumberOfProjects = 3
		SccEnterpriseProvider = {4CA58AB2-18FA-4F8D-95D4-32DDF27D184C}
		SccTeamFoundationServer = https://tfs08.codeplex.com/
		SccLocalPath0 = .
		SccProjectUniqueName1 = DockTab\\DockTab.csproj
		SccProjectName1 = DockTab
		SccLocalPath1 = DockTab
		SccProjectUniqueName2 = DockTabTestApplication\\DockTabTestApplication.csproj
		SccProjectName2 = DockTabTestApplication
		SccLocalPath2 = DockTabTestApplication
	EndGlobalSection
	GlobalSection(SolutionConfigurationPlatforms) = preSolution
		Debug|Any CPU = Debug|Any CPU
		Debug|Mixed Platforms = Debug|Mixed Platforms
		Debug|x86 = Debug|x86
		Release|Any CPU = Release|Any CPU
		Release|Mixed Platforms = Release|Mixed Platforms
		Release|x86 = Release|x86
	EndGlobalSection
	GlobalSection(ProjectConfigurationPlatforms) = postSolution
		{95A88B67-3590-433E-BF8C-606707B1ADC3}.Debug|Any CPU.ActiveCfg = Debug|Any CPU
		{95A88B67-3590-433E-BF8C-606707B1ADC3}.Debug|Any CPU.Build.0 = Debug|Any CPU
		{95A88B67-3590-433E-BF8C-606707B1ADC3}.Debug|Mixed Platforms.ActiveCfg = Debug|Any CPU
		{95A88B67-3590-433E-BF8C-606707B1ADC3}.Debug|Mixed Platforms.Build.0 = Debug|Any CPU
		{95A88B67-3590-433E-BF8C-606707B1ADC3}.Debug|x86.ActiveCfg = Debug|Any CPU
		{95A88B67-3590-433E-BF8C-606707B1ADC3}.Release|Any CPU.ActiveCfg = Release|Any CPU
		{95A88B67-3590-433E-BF8C-606707B1ADC3}.Release|Any CPU.Build.0 = Release|Any CPU
		{95A88B67-3590-433E-BF8C-606707B1ADC3}.Release|Mixed Platforms.ActiveCfg = Release|Any CPU
		{95A88B67-3590-433E-BF8C-606707B1ADC3}.Release|Mixed Platforms.Build.0 = Release|Any CPU
		{95A88B67-3590-433E-BF8C-606707B1ADC3}.Release|x86.ActiveCfg = Release|Any CPU
		{34F89BAB-3DB5-4793-B3A3-72AC1943E128}.Debug|Any CPU.ActiveCfg = Debug|x86
		{34F89BAB-3DB5-4793-B3A3-72AC1943E128}.Debug|Mixed Platforms.ActiveCfg = Debug|x86
		{34F89BAB-3DB5-4793-B3A3-72AC1943E128}.Debug|Mixed Platforms.Build.0 = Debug|x86
		{34F89BAB-3DB5-4793-B3A3-72AC1943E128}.Debug|x86.ActiveCfg = Debug|x86
		{34F89BAB-3DB5-4793-B3A3-72AC1943E128}.Debug|x86.Build.0 = Debug|x86
		{34F89BAB-3DB5-4793-B3A3-72AC1943E128}.Release|Any CPU.ActiveCfg = Release|x86
		{34F89BAB-3DB5-4793-B3A3-72AC1943E128}.Release|Mixed Platforms.ActiveCfg = Release|x86
		{34F89BAB-3DB5-4793-B3A3-72AC1943E128}.Release|Mixed Platforms.Build.0 = Release|x86
		{34F89BAB-3DB5-4793-B3A3-72AC1943E128}.Release|x86.ActiveCfg = Release|x86
		{34F89BAB-3DB5-4793-B3A3-72AC1943E128}.Release|x86.Build.0 = Release|x86
	EndGlobalSection
	GlobalSection(SolutionProperties) = preSolution
		HideSolutionNode = FALSE
	EndGlobalSection
EndGlobal
